
Microsoft Visual Studio Solution File, Format Version 12.00
# Visual Studio Version 17
VisualStudioVersion = 17.14.36414.22
MinimumVisualStudioVersion = 10.0.40219.1
Project("{FAE04EC0-301F-11D3-BF4B-00C04F79EFBC}") = "INVEST.Web", "INVEST.Web\INVEST.Web.csproj", "{BFF614B4-CE87-453A-A286-FD9A3BFA32E5}"
EndProject
Project("{FAE04EC0-301F-11D3-BF4B-00C04F79EFBC}") = "INVEST.Domain", "INVEST.Domain\INVEST.Domain.csproj", "{463EA5A9-3F10-4F7F-AF39-C4763420ABF1}"
EndProject
Project("{FAE04EC0-301F-11D3-BF4B-00C04F79EFBC}") = "INVEST.Application", "INVEST.Application\INVEST.Application.csproj", "{8AC93C05-5537-414E-81B6-E524021A7C52}"
EndProject
Project("{FAE04EC0-301F-11D3-BF4B-00C04F79EFBC}") = "INVEST.Infrastructure", "INVEST.Infrastructure\INVEST.Infrastructure.csproj", "{1EC534E4-F703-4EFB-95D5-EC4C846C8214}"
EndProject
Project("{2150E333-8FDC-42A3-9474-1A3956D46DE8}") = "tests", "tests", "{02EA681E-C7D8-13C7-8484-4AC65E1B71E8}"
EndProject
Project("{FAE04EC0-301F-11D3-BF4B-00C04F79EFBC}") = "INVEST.Tests", "tests\INVEST.Tests\INVEST.Tests.csproj", "{F8943EFA-738B-4D6E-9D67-76972EC4EE00}"
EndProject
Project("{2150E333-8FDC-42A3-9474-1A3956D46DE8}") = "azure", "azure", "{D308FFB7-BEF3-4E1C-9A20-035EA707FD8E}"
EndProject
Project("{2150E333-8FDC-42A3-9474-1A3956D46DE8}") = "functions", "functions", "{61729204-81F9-4E42-A272-F66186A6D382}"
EndProject
Project("{FAE04EC0-301F-11D3-BF4B-00C04F79EFBC}") = "Company.Functions", "azure\functions\Company.Functions\Company.Functions.csproj", "{DAA661CA-E286-47DD-8CDB-B0D15ACD4D76}"
EndProject
Project("{FAE04EC0-301F-11D3-BF4B-00C04F79EFBC}") = "INVEST.Worker", "INVEST.Worker\INVEST.Worker.csproj", "{0FBEA0FC-3E5C-3EC1-B1ED-A0B2FAD3B93A}"
EndProject
Global
	GlobalSection(SolutionConfigurationPlatforms) = preSolution
		Debug|Any CPU = Debug|Any CPU
		Release|Any CPU = Release|Any CPU
	EndGlobalSection
	GlobalSection(ProjectConfigurationPlatforms) = postSolution
		{BFF614B4-CE87-453A-A286-FD9A3BFA32E5}.Debug|Any CPU.ActiveCfg = Debug|Any CPU
		{BFF614B4-CE87-453A-A286-FD9A3BFA32E5}.Debug|Any CPU.Build.0 = Debug|Any CPU
		{BFF614B4-CE87-453A-A286-FD9A3BFA32E5}.Release|Any CPU.ActiveCfg = Release|Any CPU
		{BFF614B4-CE87-453A-A286-FD9A3BFA32E5}.Release|Any CPU.Build.0 = Release|Any CPU
		{463EA5A9-3F10-4F7F-AF39-C4763420ABF1}.Debug|Any CPU.ActiveCfg = Debug|Any CPU
		{463EA5A9-3F10-4F7F-AF39-C4763420ABF1}.Debug|Any CPU.Build.0 = Debug|Any CPU
		{463EA5A9-3F10-4F7F-AF39-C4763420ABF1}.Release|Any CPU.ActiveCfg = Release|Any CPU
		{463EA5A9-3F10-4F7F-AF39-C4763420ABF1}.Release|Any CPU.Build.0 = Release|Any CPU
		{8AC93C05-5537-414E-81B6-E524021A7C52}.Debug|Any CPU.ActiveCfg = Debug|Any CPU
		{8AC93C05-5537-414E-81B6-E524021A7C52}.Debug|Any CPU.Build.0 = Debug|Any CPU
		{8AC93C05-5537-414E-81B6-E524021A7C52}.Release|Any CPU.ActiveCfg = Release|Any CPU
		{8AC93C05-5537-414E-81B6-E524021A7C52}.Release|Any CPU.Build.0 = Release|Any CPU
		{1EC534E4-F703-4EFB-95D5-EC4C846C8214}.Debug|Any CPU.ActiveCfg = Debug|Any CPU
		{1EC534E4-F703-4EFB-95D5-EC4C846C8214}.Debug|Any CPU.Build.0 = Debug|Any CPU
		{1EC534E4-F703-4EFB-95D5-EC4C846C8214}.Release|Any CPU.ActiveCfg = Release|Any CPU
		{1EC534E4-F703-4EFB-95D5-EC4C846C8214}.Release|Any CPU.Build.0 = Release|Any CPU
		{F8943EFA-738B-4D6E-9D67-76972EC4EE00}.Debug|Any CPU.ActiveCfg = Debug|Any CPU
		{F8943EFA-738B-4D6E-9D67-76972EC4EE00}.Debug|Any CPU.Build.0 = Debug|Any CPU
		{F8943EFA-738B-4D6E-9D67-76972EC4EE00}.Release|Any CPU.ActiveCfg = Release|Any CPU
		{F8943EFA-738B-4D6E-9D67-76972EC4EE00}.Release|Any CPU.Build.0 = Release|Any CPU
		{DAA661CA-E286-47DD-8CDB-B0D15ACD4D76}.Debug|Any CPU.ActiveCfg = Debug|Any CPU
		{DAA661CA-E286-47DD-8CDB-B0D15ACD4D76}.Debug|Any CPU.Build.0 = Debug|Any CPU
		{DAA661CA-E286-47DD-8CDB-B0D15ACD4D76}.Release|Any CPU.ActiveCfg = Release|Any CPU
		{DAA661CA-E286-47DD-8CDB-B0D15ACD4D76}.Release|Any CPU.Build.0 = Release|Any CPU
		{0FBEA0FC-3E5C-3EC1-B1ED-A0B2FAD3B93A}.Debug|Any CPU.ActiveCfg = Debug|Any CPU
		{0FBEA0FC-3E5C-3EC1-B1ED-A0B2FAD3B93A}.Debug|Any CPU.Build.0 = Debug|Any CPU
		{0FBEA0FC-3E5C-3EC1-B1ED-A0B2FAD3B93A}.Release|Any CPU.ActiveCfg = Release|Any CPU
		{0FBEA0FC-3E5C-3EC1-B1ED-A0B2FAD3B93A}.Release|Any CPU.Build.0 = Release|Any CPU
	EndGlobalSection
	GlobalSection(SolutionProperties) = preSolution
		HideSolutionNode = FALSE
	EndGlobalSection
	GlobalSection(NestedProjects) = preSolution
		{F8943EFA-738B-4D6E-9D67-76972EC4EE00} = {02EA681E-C7D8-13C7-8484-4AC65E1B71E8}
		{61729204-81F9-4E42-A272-F66186A6D382} = {D308FFB7-BEF3-4E1C-9A20-035EA707FD8E}
		{DAA661CA-E286-47DD-8CDB-B0D15ACD4D76} = {61729204-81F9-4E42-A272-F66186A6D382}
	EndGlobalSection
	GlobalSection(ExtensibilityGlobals) = postSolution
		SolutionGuid = {55B096C1-C9C9-4AC9-A8B5-577018996FEC}
	EndGlobalSection
EndGlobal
